# THIS IS AN AUTOGENERATED FILE. DO NOT EDIT THIS FILE DIRECTLY.
# yarn lockfile v1


"@rollup/rollup-android-arm-eabi@4.0.2":
  version "4.0.2"
  resolved "https://registry.yarnpkg.com/@rollup/rollup-android-arm-eabi/-/rollup-android-arm-eabi-4.0.2.tgz#c990ff2c4317b477121272fce8ee4075bbc36b67"
  integrity sha512-xDvk1pT4vaPU2BOLy0MqHMdYZyntqpaBf8RhBiezlqG9OjY8F50TyctHo8znigYKd+QCFhCmlmXHOL/LoaOl3w==

"@rollup/rollup-android-arm64@4.0.2":
  version "4.0.2"
  resolved "https://registry.yarnpkg.com/@rollup/rollup-android-arm64/-/rollup-android-arm64-4.0.2.tgz#46327be24d75c7c53b7b065af29a62688eae3f1b"
  integrity sha512-lqCglytY3E6raze27DD9VQJWohbwCxzqs9aSHcj5X/8hJpzZfNdbsr4Ja9Hqp6iPyF53+5PtPx0pKRlkSvlHZg==

"@rollup/rollup-darwin-arm64@4.0.2":
  version "4.0.2"
  resolved "https://registry.yarnpkg.com/@rollup/rollup-darwin-arm64/-/rollup-darwin-arm64-4.0.2.tgz#072f9133f6ff7a4fcb06ed9b718c6882964d52bb"
  integrity sha512-nkBKItS6E6CCzvRwgiKad+j+1ibmL7SIInj7oqMWmdkCjiSX6VeVZw2mLlRKIUL+JjsBgpATTfo7BiAXc1v0jA==

"@rollup/rollup-darwin-x64@4.0.2":
  version "4.0.2"
  resolved "https://registry.yarnpkg.com/@rollup/rollup-darwin-x64/-/rollup-darwin-x64-4.0.2.tgz#3c6988acf7a95b909801e92d905dfbc7f7e73542"
  integrity sha512-vX2C8xvWPIbpEgQht95+dY6BReKAvtDgPDGi0XN0kWJKkm4WdNmq5dnwscv/zxvi+n6jUTBhs6GtpkkWT4q8Gg==

"@rollup/rollup-linux-arm-gnueabihf@4.0.2":
  version "4.0.2"
  resolved "https://registry.yarnpkg.com/@rollup/rollup-linux-arm-gnueabihf/-/rollup-linux-arm-gnueabihf-4.0.2.tgz#4797cb038d0cb4beecaa56fdb1769aac4253b02a"
  integrity sha512-DVFIfcHOjgmeHOAqji4xNz2wczt1Bmzy9MwBZKBa83SjBVO/i38VHDR+9ixo8QpBOiEagmNw12DucG+v55tCrg==

"@rollup/rollup-linux-arm64-gnu@4.0.2":
  version "4.0.2"
  resolved "https://registry.yarnpkg.com/@rollup/rollup-linux-arm64-gnu/-/rollup-linux-arm64-gnu-4.0.2.tgz#dfc5b1b3f1e991278ff40a63e24e84e28164b34f"
  integrity sha512-GCK/a9ItUxPI0V5hQEJjH4JtOJO90GF2Hja7TO+EZ8rmkGvEi8/ZDMhXmcuDpQT7/PWrTT9RvnG8snMd5SrhBQ==

"@rollup/rollup-linux-arm64-musl@4.0.2":
  version "4.0.2"
  resolved "https://registry.yarnpkg.com/@rollup/rollup-linux-arm64-musl/-/rollup-linux-arm64-musl-4.0.2.tgz#bbdda4472d932f4c275b97f6f826b4648d458ab6"
  integrity sha512-cLuBp7rOjIB1R2j/VazjCmHC7liWUur2e9mFflLJBAWCkrZ+X0+QwHLvOQakIwDymungzAKv6W9kHZnTp/Mqrg==

"@rollup/rollup-linux-x64-gnu@4.0.2":
  version "4.0.2"
  resolved "https://registry.yarnpkg.com/@rollup/rollup-linux-x64-gnu/-/rollup-linux-x64-gnu-4.0.2.tgz#94dd9d135df6e38d4fd2ca24f5a2ace3389696fe"
  integrity sha512-Zqw4iVnJr2naoyQus0yLy7sLtisCQcpdMKUCeXPBjkJtpiflRime/TMojbnl8O3oxUAj92mxr+t7im/RbgA20w==

"@rollup/rollup-linux-x64-musl@4.0.2":
  version "4.0.2"
  resolved "https://registry.yarnpkg.com/@rollup/rollup-linux-x64-musl/-/rollup-linux-x64-musl-4.0.2.tgz#88246776c2b45b55e5d56a070eac592d10280d59"
  integrity sha512-jJRU9TyUD/iMqjf8aLAp7XiN3pIj5v6Qcu+cdzBfVTKDD0Fvua4oUoK8eVJ9ZuKBEQKt3WdlcwJXFkpmMLk6kg==

"@rollup/rollup-win32-arm64-msvc@4.0.2":
  version "4.0.2"
  resolved "https://registry.yarnpkg.com/@rollup/rollup-win32-arm64-msvc/-/rollup-win32-arm64-msvc-4.0.2.tgz#853acc6ec7eb573fba1161c5707d7e1d1c12b3b0"
  integrity sha512-ZkS2NixCxHKC4zbOnw64ztEGGDVIYP6nKkGBfOAxEPW71Sji9v8z3yaHNuae/JHPwXA+14oDefnOuVfxl59SmQ==

"@rollup/rollup-win32-ia32-msvc@4.0.2":
  version "4.0.2"
  resolved "https://registry.yarnpkg.com/@rollup/rollup-win32-ia32-msvc/-/rollup-win32-ia32-msvc-4.0.2.tgz#da89fe49f5384235ccb846e93b2c316551f2474a"
  integrity sha512-3SKjj+tvnZ0oZq2BKB+fI+DqYI83VrRzk7eed8tJkxeZ4zxJZcLSE8YDQLYGq1tZAnAX+H076RHHB4gTZXsQzw==

"@rollup/rollup-win32-x64-msvc@4.0.2":
  version "4.0.2"
  resolved "https://registry.yarnpkg.com/@rollup/rollup-win32-x64-msvc/-/rollup-win32-x64-msvc-4.0.2.tgz#4c3ba41643cc1c83ddcaf9d864bf16f612f909cb"
  integrity sha512-MBdJIOxRauKkry7t2q+rTHa3aWjVez2eioWg+etRVS3dE4tChhmt5oqZYr48R6bPmcwEhxQr96gVRfeQrLbqng==

fsevents@~2.3.2:
  version "2.3.2"
  resolved "https://registry.yarnpkg.com/fsevents/-/fsevents-2.3.2.tgz#8a526f78b8fdf4623b709e0b975c52c24c02fd1a"
  integrity sha512-xiqMQR4xAeHTuB9uWm+fFRcIOgKBMiOBP+eXiyT7jsgVCq1bkVygt00oASowB7EdtpOHaaPgKt812P9ab+DDKA==

rollup@^4.0.2:
  version "4.0.2"
  resolved "https://registry.yarnpkg.com/rollup/-/rollup-4.0.2.tgz#e0e452d30882555d5bac9d81d78e8aa3bed8a345"
  integrity sha512-MCScu4usMPCeVFaiLcgMDaBQeYi1z6vpWxz0r0hq0Hv77Y2YuOTZldkuNJ54BdYBH3e+nkrk6j0Rre/NLDBYzg==
  optionalDependencies:
    "@rollup/rollup-android-arm-eabi" "4.0.2"
    "@rollup/rollup-android-arm64" "4.0.2"
    "@rollup/rollup-darwin-arm64" "4.0.2"
    "@rollup/rollup-darwin-x64" "4.0.2"
    "@rollup/rollup-linux-arm-gnueabihf" "4.0.2"
    "@rollup/rollup-linux-arm64-gnu" "4.0.2"
    "@rollup/rollup-linux-arm64-musl" "4.0.2"
    "@rollup/rollup-linux-x64-gnu" "4.0.2"
    "@rollup/rollup-linux-x64-musl" "4.0.2"
    "@rollup/rollup-win32-arm64-msvc" "4.0.2"
    "@rollup/rollup-win32-ia32-msvc" "4.0.2"
    "@rollup/rollup-win32-x64-msvc" "4.0.2"
    fsevents "~2.3.2"
